
Microsoft Visual Studio Solution File, Format Version 12.00
# Visual Studio Version 16
VisualStudioVersion = 16.0.31729.503
MinimumVisualStudioVersion = 10.0.40219.1
Project("{FAE04EC0-301F-11D3-BF4B-00C04F79EFBC}") = "EGrowFrontendMVC", "EGrowFrontendMVC\EGrowFrontendMVC.csproj", "{AE30432B-A98E-48B9-A427-EE3D2FDAEC70}"
EndProject
Global
	GlobalSection(SolutionConfigurationPlatforms) = preSolution
		Debug|Any CPU = Debug|Any CPU
		Release|Any CPU = Release|Any CPU
	EndGlobalSection
	GlobalSection(ProjectConfigurationPlatforms) = postSolution
		{AE30432B-A98E-48B9-A427-EE3D2FDAEC70}.Debug|Any CPU.ActiveCfg = Debug|Any CPU
		{AE30432B-A98E-48B9-A427-EE3D2FDAEC70}.Debug|Any CPU.Build.0 = Debug|Any CPU
		{AE30432B-A98E-48B9-A427-EE3D2FDAEC70}.Release|Any CPU.ActiveCfg = Release|Any CPU
		{AE30432B-A98E-48B9-A427-EE3D2FDAEC70}.Release|Any CPU.Build.0 = Release|Any CPU
	EndGlobalSection
	GlobalSection(SolutionProperties) = preSolution
		HideSolutionNode = FALSE
	EndGlobalSection
	GlobalSection(ExtensibilityGlobals) = postSolution
		SolutionGuid = {11EC0881-E8A3-49CF-8658-C897E75A9AA8}
	EndGlobalSection
EndGlobal
